
Microsoft Visual Studio Solution File, Format Version 12.00
# Visual Studio Version 17
VisualStudioVersion = 17.5.33414.496
MinimumVisualStudioVersion = 10.0.40219.1
Project("{2150E333-8FDC-42A3-9474-1A3956D46DE8}") = "Core", "Core", "{F5F33336-71D7-4385-B2D3-4AC37658B3F1}"
EndProject
Project("{2150E333-8FDC-42A3-9474-1A3956D46DE8}") = "Infrastructure", "Infrastructure", "{56825519-6CEC-418B-9BA7-F7FA64772A43}"
EndProject
Project("{2150E333-8FDC-42A3-9474-1A3956D46DE8}") = "Domain", "Domain", "{DC830341-720E-43D5-995B-DDE1F02C06E1}"
EndProject
Project("{9A19103F-16F7-4668-BE54-9A1E7A4F7556}") = "EmpManager.Core.Domain", "EmpManager.Core.Domain\EmpManager.Core.Domain.csproj", "{900713B3-349C-481B-9ACA-1104139E7281}"
EndProject
Project("{9A19103F-16F7-4668-BE54-9A1E7A4F7556}") = "EmpManager.Infrastructure.RelationalDb", "EmpManager.Infrastructure.RelationalDB\EmpManager.Infrastructure.RelationalDb.csproj", "{CD8E01DA-F631-49F4-B93E-F14C18B040D0}"
EndProject
Project("{2150E333-8FDC-42A3-9474-1A3956D46DE8}") = "Services", "Services", "{E92CDEC9-8AA5-45FC-B766-F6366A65B21A}"
EndProject
Project("{9A19103F-16F7-4668-BE54-9A1E7A4F7556}") = "EmpManager.Core.Services.WebAPI", "EmpManager.Core.Services.WebAPI\EmpManager.Core.Services.WebAPI.csproj", "{5A01C2BB-34BE-4E4B-AB71-E0E103DE5AE7}"
EndProject
Project("{2150E333-8FDC-42A3-9474-1A3956D46DE8}") = "CQRS", "CQRS", "{6A570183-E943-46E1-9AC4-821F39FC47EC}"
EndProject
Project("{2150E333-8FDC-42A3-9474-1A3956D46DE8}") = "Commands", "Commands", "{6C28EB90-61E7-4C6F-8E68-714A1325DCEB}"
EndProject
Project("{9A19103F-16F7-4668-BE54-9A1E7A4F7556}") = "EmpManager.Core.Services.CQRS.Commands", "EmpManager.Core.Services.CQRS.Commands\EmpManager.Core.Services.CQRS.Commands.csproj", "{284E4F25-9648-4588-8CA4-38114D6E7E93}"
EndProject
Project("{2150E333-8FDC-42A3-9474-1A3956D46DE8}") = "Responses", "Responses", "{C8BC9484-C22B-407C-A963-D6687C8AD412}"
EndProject
Project("{9A19103F-16F7-4668-BE54-9A1E7A4F7556}") = "EmpManager.Core.Services.CQRS.Responses", "EmpManager.Core.Services.CQRS.Responses\EmpManager.Core.Services.CQRS.Responses.csproj", "{ED7757F2-1439-407A-9632-F851B0D88B12}"
EndProject
Project("{2150E333-8FDC-42A3-9474-1A3956D46DE8}") = "Queries", "Queries", "{BB430D73-54B6-4B70-A53B-50746EEC196D}"
EndProject
Project("{9A19103F-16F7-4668-BE54-9A1E7A4F7556}") = "EmpManager.Core.Services.CQRS.Queries", "EmpManager.Core.Services.CQRS.Queries\EmpManager.Core.Services.CQRS.Queries.csproj", "{5A757689-FA26-49C3-BF9E-40ECA0827CC5}"
EndProject
Project("{2150E333-8FDC-42A3-9474-1A3956D46DE8}") = "Handlers", "Handlers", "{079FD4A2-AE5C-40F7-89F4-C00A2703F49B}"
EndProject
Project("{9A19103F-16F7-4668-BE54-9A1E7A4F7556}") = "EmpManager.Core.Services.CQRS.Handlers", "EmpManager.Core.Services.CQRS.Handlers\EmpManager.Core.Services.CQRS.Handlers.csproj", "{E22F9F6D-750D-4D28-A1FF-5800C097F219}"
EndProject
Project("{9A19103F-16F7-4668-BE54-9A1E7A4F7556}") = "EmpManager.Core.Services.WebAPITests", "EmpManager.Core.Services.WebAPITests\EmpManager.Core.Services.WebAPITests.csproj", "{ACEED735-9336-4EB4-845A-ABF863B07F4C}"
EndProject
Project("{9A19103F-16F7-4668-BE54-9A1E7A4F7556}") = "EmpManager.Core.Services.CQRS.HandlersTests", "EmpManager.Core.Services.CQRS.HandlersTests\EmpManager.Core.Services.CQRS.HandlersTests.csproj", "{9CFE863C-615A-4229-BBD2-9305B8A0C06A}"
EndProject
Project("{2150E333-8FDC-42A3-9474-1A3956D46DE8}") = "Validators", "Validators", "{27379A75-D6DE-4DD4-8651-FE876A01E1FD}"
EndProject
Project("{FAE04EC0-301F-11D3-BF4B-00C04F79EFBC}") = "EmpManager.Core.Services.Validators", "EmpManager.Core.Services.Validators\EmpManager.Core.Services.Validators.csproj", "{C0F93069-8DE6-417B-8D70-DCF0BBD0916B}"
EndProject
Project("{FAE04EC0-301F-11D3-BF4B-00C04F79EFBC}") = "EmpManager.Core.Services.ValidatorsTests", "EmpManager.Core.Services.ValidatorsTests\EmpManager.Core.Services.ValidatorsTests.csproj", "{4D22D6C9-E051-4086-8FEA-CE15B6E2CEBB}"
EndProject
Project("{2150E333-8FDC-42A3-9474-1A3956D46DE8}") = "UI", "UI", "{BAF753CD-200B-40BA-84A4-37CF0E54A65D}"
EndProject
Project("{2150E333-8FDC-42A3-9474-1A3956D46DE8}") = "WPF", "WPF", "{ED06EA1E-0365-42BE-9287-38D3529056D4}"
EndProject
Project("{FAE04EC0-301F-11D3-BF4B-00C04F79EFBC}") = "EmpManager.UI.WPF", "EmpManager.UI.WPF\EmpManager.UI.WPF.csproj", "{3F76B0C9-410C-418B-BAA3-694DDBED571F}"
EndProject
Global
	GlobalSection(SolutionConfigurationPlatforms) = preSolution
		Debug|Any CPU = Debug|Any CPU
		Release|Any CPU = Release|Any CPU
	EndGlobalSection
	GlobalSection(ProjectConfigurationPlatforms) = postSolution
		{900713B3-349C-481B-9ACA-1104139E7281}.Debug|Any CPU.ActiveCfg = Debug|Any CPU
		{900713B3-349C-481B-9ACA-1104139E7281}.Debug|Any CPU.Build.0 = Debug|Any CPU
		{900713B3-349C-481B-9ACA-1104139E7281}.Release|Any CPU.ActiveCfg = Release|Any CPU
		{900713B3-349C-481B-9ACA-1104139E7281}.Release|Any CPU.Build.0 = Release|Any CPU
		{CD8E01DA-F631-49F4-B93E-F14C18B040D0}.Debug|Any CPU.ActiveCfg = Debug|Any CPU
		{CD8E01DA-F631-49F4-B93E-F14C18B040D0}.Debug|Any CPU.Build.0 = Debug|Any CPU
		{CD8E01DA-F631-49F4-B93E-F14C18B040D0}.Release|Any CPU.ActiveCfg = Release|Any CPU
		{CD8E01DA-F631-49F4-B93E-F14C18B040D0}.Release|Any CPU.Build.0 = Release|Any CPU
		{5A01C2BB-34BE-4E4B-AB71-E0E103DE5AE7}.Debug|Any CPU.ActiveCfg = Debug|Any CPU
		{5A01C2BB-34BE-4E4B-AB71-E0E103DE5AE7}.Debug|Any CPU.Build.0 = Debug|Any CPU
		{5A01C2BB-34BE-4E4B-AB71-E0E103DE5AE7}.Release|Any CPU.ActiveCfg = Release|Any CPU
		{5A01C2BB-34BE-4E4B-AB71-E0E103DE5AE7}.Release|Any CPU.Build.0 = Release|Any CPU
		{284E4F25-9648-4588-8CA4-38114D6E7E93}.Debug|Any CPU.ActiveCfg = Debug|Any CPU
		{284E4F25-9648-4588-8CA4-38114D6E7E93}.Debug|Any CPU.Build.0 = Debug|Any CPU
		{284E4F25-9648-4588-8CA4-38114D6E7E93}.Release|Any CPU.ActiveCfg = Release|Any CPU
		{284E4F25-9648-4588-8CA4-38114D6E7E93}.Release|Any CPU.Build.0 = Release|Any CPU
		{ED7757F2-1439-407A-9632-F851B0D88B12}.Debug|Any CPU.ActiveCfg = Debug|Any CPU
		{ED7757F2-1439-407A-9632-F851B0D88B12}.Debug|Any CPU.Build.0 = Debug|Any CPU
		{ED7757F2-1439-407A-9632-F851B0D88B12}.Release|Any CPU.ActiveCfg = Release|Any CPU
		{ED7757F2-1439-407A-9632-F851B0D88B12}.Release|Any CPU.Build.0 = Release|Any CPU
		{5A757689-FA26-49C3-BF9E-40ECA0827CC5}.Debug|Any CPU.ActiveCfg = Debug|Any CPU
		{5A757689-FA26-49C3-BF9E-40ECA0827CC5}.Debug|Any CPU.Build.0 = Debug|Any CPU
		{5A757689-FA26-49C3-BF9E-40ECA0827CC5}.Release|Any CPU.ActiveCfg = Release|Any CPU
		{5A757689-FA26-49C3-BF9E-40ECA0827CC5}.Release|Any CPU.Build.0 = Release|Any CPU
		{E22F9F6D-750D-4D28-A1FF-5800C097F219}.Debug|Any CPU.ActiveCfg = Debug|Any CPU
		{E22F9F6D-750D-4D28-A1FF-5800C097F219}.Debug|Any CPU.Build.0 = Debug|Any CPU
		{E22F9F6D-750D-4D28-A1FF-5800C097F219}.Release|Any CPU.ActiveCfg = Release|Any CPU
		{E22F9F6D-750D-4D28-A1FF-5800C097F219}.Release|Any CPU.Build.0 = Release|Any CPU
		{ACEED735-9336-4EB4-845A-ABF863B07F4C}.Debug|Any CPU.ActiveCfg = Debug|Any CPU
		{ACEED735-9336-4EB4-845A-ABF863B07F4C}.Debug|Any CPU.Build.0 = Debug|Any CPU
		{ACEED735-9336-4EB4-845A-ABF863B07F4C}.Release|Any CPU.ActiveCfg = Release|Any CPU
		{ACEED735-9336-4EB4-845A-ABF863B07F4C}.Release|Any CPU.Build.0 = Release|Any CPU
		{9CFE863C-615A-4229-BBD2-9305B8A0C06A}.Debug|Any CPU.ActiveCfg = Debug|Any CPU
		{9CFE863C-615A-4229-BBD2-9305B8A0C06A}.Debug|Any CPU.Build.0 = Debug|Any CPU
		{9CFE863C-615A-4229-BBD2-9305B8A0C06A}.Release|Any CPU.ActiveCfg = Release|Any CPU
		{9CFE863C-615A-4229-BBD2-9305B8A0C06A}.Release|Any CPU.Build.0 = Release|Any CPU
		{C0F93069-8DE6-417B-8D70-DCF0BBD0916B}.Debug|Any CPU.ActiveCfg = Debug|Any CPU
		{C0F93069-8DE6-417B-8D70-DCF0BBD0916B}.Debug|Any CPU.Build.0 = Debug|Any CPU
		{C0F93069-8DE6-417B-8D70-DCF0BBD0916B}.Release|Any CPU.ActiveCfg = Release|Any CPU
		{C0F93069-8DE6-417B-8D70-DCF0BBD0916B}.Release|Any CPU.Build.0 = Release|Any CPU
		{4D22D6C9-E051-4086-8FEA-CE15B6E2CEBB}.Debug|Any CPU.ActiveCfg = Debug|Any CPU
		{4D22D6C9-E051-4086-8FEA-CE15B6E2CEBB}.Debug|Any CPU.Build.0 = Debug|Any CPU
		{4D22D6C9-E051-4086-8FEA-CE15B6E2CEBB}.Release|Any CPU.ActiveCfg = Release|Any CPU
		{4D22D6C9-E051-4086-8FEA-CE15B6E2CEBB}.Release|Any CPU.Build.0 = Release|Any CPU
		{3F76B0C9-410C-418B-BAA3-694DDBED571F}.Debug|Any CPU.ActiveCfg = Debug|Any CPU
		{3F76B0C9-410C-418B-BAA3-694DDBED571F}.Debug|Any CPU.Build.0 = Debug|Any CPU
		{3F76B0C9-410C-418B-BAA3-694DDBED571F}.Release|Any CPU.ActiveCfg = Release|Any CPU
		{3F76B0C9-410C-418B-BAA3-694DDBED571F}.Release|Any CPU.Build.0 = Release|Any CPU
	EndGlobalSection
	GlobalSection(SolutionProperties) = preSolution
		HideSolutionNode = FALSE
	EndGlobalSection
	GlobalSection(NestedProjects) = preSolution
		{DC830341-720E-43D5-995B-DDE1F02C06E1} = {F5F33336-71D7-4385-B2D3-4AC37658B3F1}
		{900713B3-349C-481B-9ACA-1104139E7281} = {DC830341-720E-43D5-995B-DDE1F02C06E1}
		{CD8E01DA-F631-49F4-B93E-F14C18B040D0} = {56825519-6CEC-418B-9BA7-F7FA64772A43}
		{E92CDEC9-8AA5-45FC-B766-F6366A65B21A} = {F5F33336-71D7-4385-B2D3-4AC37658B3F1}
		{5A01C2BB-34BE-4E4B-AB71-E0E103DE5AE7} = {E92CDEC9-8AA5-45FC-B766-F6366A65B21A}
		{6A570183-E943-46E1-9AC4-821F39FC47EC} = {E92CDEC9-8AA5-45FC-B766-F6366A65B21A}
		{6C28EB90-61E7-4C6F-8E68-714A1325DCEB} = {6A570183-E943-46E1-9AC4-821F39FC47EC}
		{284E4F25-9648-4588-8CA4-38114D6E7E93} = {6C28EB90-61E7-4C6F-8E68-714A1325DCEB}
		{C8BC9484-C22B-407C-A963-D6687C8AD412} = {6A570183-E943-46E1-9AC4-821F39FC47EC}
		{ED7757F2-1439-407A-9632-F851B0D88B12} = {C8BC9484-C22B-407C-A963-D6687C8AD412}
		{BB430D73-54B6-4B70-A53B-50746EEC196D} = {6A570183-E943-46E1-9AC4-821F39FC47EC}
		{5A757689-FA26-49C3-BF9E-40ECA0827CC5} = {BB430D73-54B6-4B70-A53B-50746EEC196D}
		{079FD4A2-AE5C-40F7-89F4-C00A2703F49B} = {6A570183-E943-46E1-9AC4-821F39FC47EC}
		{E22F9F6D-750D-4D28-A1FF-5800C097F219} = {079FD4A2-AE5C-40F7-89F4-C00A2703F49B}
		{27379A75-D6DE-4DD4-8651-FE876A01E1FD} = {E92CDEC9-8AA5-45FC-B766-F6366A65B21A}
		{C0F93069-8DE6-417B-8D70-DCF0BBD0916B} = {27379A75-D6DE-4DD4-8651-FE876A01E1FD}
		{ED06EA1E-0365-42BE-9287-38D3529056D4} = {BAF753CD-200B-40BA-84A4-37CF0E54A65D}
		{3F76B0C9-410C-418B-BAA3-694DDBED571F} = {ED06EA1E-0365-42BE-9287-38D3529056D4}
	EndGlobalSection
	GlobalSection(ExtensibilityGlobals) = postSolution
		SolutionGuid = {D7E898D0-C8EF-4C33-9D5E-F5B2DAFE9DD6}
	EndGlobalSection
EndGlobal
